lockfileVersion: '6.0'

settings:
  autoInstallPeers: true
  excludeLinksFromLockfile: false

importers:

  .:
    devDependencies:
      '@biomejs/biome':
        specifier: 1.6.1
        version: 1.6.1
      '@rainstormy/updraft':
        specifier: 1.0.0
        version: 1.0.0
      lefthook:
        specifier: 1.6.7
        version: 1.6.7

  packages/presets-typescript:
    dependencies:
      typescript:
        specifier: '>=5.4.2 <5.5.0'
        version: 5.4.5

packages:

  /@biomejs/biome@1.6.1:
    resolution: {integrity: sha512-SILQvA2S0XeaOuu1bivv6fQmMo7zMfr2xqDEN+Sz78pGbAKZnGmg0emsXjQWoBY/RVm9kPCgX+aGEpZZTYaM7w==}
    engines: {node: '>=14.*'}
    hasBin: true
    requiresBuild: true
    optionalDependencies:
      '@biomejs/cli-darwin-arm64': 1.6.1
      '@biomejs/cli-darwin-x64': 1.6.1
      '@biomejs/cli-linux-arm64': 1.6.1
      '@biomejs/cli-linux-arm64-musl': 1.6.1
      '@biomejs/cli-linux-x64': 1.6.1
      '@biomejs/cli-linux-x64-musl': 1.6.1
      '@biomejs/cli-win32-arm64': 1.6.1
      '@biomejs/cli-win32-x64': 1.6.1
    dev: true

  /@biomejs/cli-darwin-arm64@1.6.1:
    resolution: {integrity: sha512-KlvY00iB9T/vFi4m/GXxEyYkYnYy6aw06uapzUIIdiMMj7I/pmZu7CsZlzWdekVD0j+SsQbxdZMsb0wPhnRSsg==}
    engines: {node: '>=14.*'}
    cpu: [arm64]
    os: [darwin]
    requiresBuild: true
    dev: true
    optional: true

  /@biomejs/cli-darwin-x64@1.6.1:
    resolution: {integrity: sha512-jP4E8TXaQX5e3nvRJSzB+qicZrdIDCrjR0sSb1DaDTx4JPZH5WXq/BlTqAyWi3IijM+IYMjWqAAK4kOHsSCzxw==}
    engines: {node: '>=14.*'}
    cpu: [x64]
    os: [darwin]
    requiresBuild: true
    dev: true
    optional: true

  /@biomejs/cli-linux-arm64-musl@1.6.1:
    resolution: {integrity: sha512-YdkDgFecdHJg7PJxAMaZIixVWGB6St4yH08BHagO0fEhNNiY8cAKEVo2mcXlsnEiTMpeSEAY9VxLUrVT3IVxpw==}
    engines: {node: '>=14.*'}
    cpu: [arm64]
    os: [linux]
    requiresBuild: true
    dev: true
    optional: true

  /@biomejs/cli-linux-arm64@1.6.1:
    resolution: {integrity: sha512-nxD1UyX3bWSl/RSKlib/JsOmt+652/9yieogdSC/UTLgVCZYOF7u8L/LK7kAa0Y4nA8zSPavAQTgko7mHC2ObA==}
    engines: {node: '>=14.*'}
    cpu: [arm64]
    os: [linux]
    requiresBuild: true
    dev: true
    optional: true

  /@biomejs/cli-linux-x64-musl@1.6.1:
    resolution: {integrity: sha512-aSISIDmxq04NNy7tm4x9rBk2vH0ub2VDIE4outEmdC2LBtEJoINiphlZagx/FvjbsqUfygent9QUSn0oREnAXg==}
    engines: {node: '>=14.*'}
    cpu: [x64]
    os: [linux]
    requiresBuild: true
    dev: true
    optional: true

  /@biomejs/cli-linux-x64@1.6.1:
    resolution: {integrity: sha512-BYAzenlMF3QdngjNFw9QVBXKGNzeecqwF3pwDgUGEvU7OJpn1/lyVkJVxYPtVGRNdjQ9e6l/s8NjKuBpW/ZR4Q==}
    engines: {node: '>=14.*'}
    cpu: [x64]
    os: [linux]
    requiresBuild: true
    dev: true
    optional: true

  /@biomejs/cli-win32-arm64@1.6.1:
    resolution: {integrity: sha512-/eCHQKZ1kEawUpkSuXq4urtxMsD1P1678OPG3zNKt3ru16AqqspLdO3jzBe3k74xCPYnQ36e9Yqc97Mo0qgPtg==}
    engines: {node: '>=14.*'}
    cpu: [arm64]
    os: [win32]
    requiresBuild: true
    dev: true
    optional: true

  /@biomejs/cli-win32-x64@1.6.1:
    resolution: {integrity: sha512-5TUZbzBwnDLFxLVGEPsorNi6eC2Gt+z4Oei9Qvq0M/4c4/mjZ96ABgwao/tMxf4ZBr/qyy2YdvF+gX9Rc+xC0A==}
    engines: {node: '>=14.*'}
    cpu: [x64]
    os: [win32]
    requiresBuild: true
    dev: true
    optional: true

  /@nodelib/fs.scandir@2.1.5:
    resolution: {integrity: sha512-vq24Bq3ym5HEQm2NKCr3yXDwjc7vTsEThRDnkp2DK9p1uqLR+DHurm/NOTo0KG7HYHU7eppKZj3MyqYuMBf62g==}
    engines: {node: '>= 8'}
    dependencies:
      '@nodelib/fs.stat': 2.0.5
      run-parallel: 1.2.0
    dev: true

  /@nodelib/fs.stat@2.0.5:
    resolution: {integrity: sha512-RkhPPp2zrqDAQA/2jNhnztcPAlv64XdhIp7a7454A5ovI7Bukxgt7MX7udwAu3zg1DcpPU0rz3VV1SeaqvY4+A==}
    engines: {node: '>= 8'}
    dev: true

  /@nodelib/fs.walk@1.2.8:
    resolution: {integrity: sha512-oGB+UxlgWcgQkgwo8GcEGwemoTFt3FIO9ababBmaGwXIoBKZ+GTy0pP185beGg7Llih/NSHSV2XAs1lnznocSg==}
    engines: {node: '>= 8'}
    dependencies:
      '@nodelib/fs.scandir': 2.1.5
      fastq: 1.17.1
    dev: true

  /@rainstormy/updraft@1.0.0:
    resolution: {integrity: sha512-SaCbs2OvK1wupPItDdn8Opr74Sz88xC8Jw56coE0seOL8/M/m+YjX8FlyLTnOV+6HpxcNJQ/52HPACzfJkpHBg==}
    engines: {node: '>=20.0.0'}
    hasBin: true
    dependencies:
      fast-glob: 3.3.2
      tslib: 2.6.2
    dev: true

  /braces@3.0.2:
    resolution: {integrity: sha512-b8um+L1RzM3WDSzvhm6gIz1yfTbBt6YTlcEKAvsmqCZZFw46z626lVj9j1yEPW33H5H+lBQpZMP1k8l+78Ha0A==}
    engines: {node: '>=8'}
    dependencies:
      fill-range: 7.0.1
    dev: true

  /fast-glob@3.3.2:
    resolution: {integrity: sha512-oX2ruAFQwf/Orj8m737Y5adxDQO0LAB7/S5MnxCdTNDd4p6BsyIVsv9JQsATbTSq8KHRpLwIHbVlUNatxd+1Ow==}
    engines: {node: '>=8.6.0'}
    dependencies:
      '@nodelib/fs.stat': 2.0.5
      '@nodelib/fs.walk': 1.2.8
      glob-parent: 5.1.2
      merge2: 1.4.1
      micromatch: 4.0.5
    dev: true

  /fastq@1.17.1:
    resolution: {integrity: sha512-sRVD3lWVIXWg6By68ZN7vho9a1pQcN/WBFaAAsDDFzlJjvoGx0P8z7V1t72grFJfJhu3YPZBuu25f7Kaw2jN1w==}
    dependencies:
      reusify: 1.0.4
    dev: true

  /fill-range@7.0.1:
    resolution: {integrity: sha512-qOo9F+dMUmC2Lcb4BbVvnKJxTPjCm+RRpe4gDuGrzkL7mEVl/djYSu2OdQ2Pa302N4oqkSg9ir6jaLWJ2USVpQ==}
    engines: {node: '>=8'}
    dependencies:
      to-regex-range: 5.0.1
    dev: true

  /glob-parent@5.1.2:
    resolution: {integrity: sha512-AOIgSQCepiJYwP3ARnGx+5VnTu2HBYdzbGP45eLw1vr3zB3vZLeyed1sC9hnbcOc9/SrMyM5RPQrkGz4aS9Zow==}
    engines: {node: '>= 6'}
    dependencies:
      is-glob: 4.0.3
    dev: true

  /is-extglob@2.1.1:
    resolution: {integrity: sha512-SbKbANkN603Vi4jEZv49LeVJMn4yGwsbzZworEoyEiutsN3nJYdbO36zfhGJ6QEDpOZIFkDtnq5JRxmvl3jsoQ==}
    engines: {node: '>=0.10.0'}
    dev: true

  /is-glob@4.0.3:
    resolution: {integrity: sha512-xelSayHH36ZgE7ZWhli7pW34hNbNl8Ojv5KVmkJD4hBdD3th8Tfk9vYasLM+mXWOZhFkgZfxhLSnrwRr4elSSg==}
    engines: {node: '>=0.10.0'}
    dependencies:
      is-extglob: 2.1.1
    dev: true

  /is-number@7.0.0:
    resolution: {integrity: sha512-41Cifkg6e8TylSpdtTpeLVMqvSBEVzTttHvERD741+pnZ8ANv0004MRL43QKPDlK9cGvNp6NZWZUBlbGXYxxng==}
    engines: {node: '>=0.12.0'}
    dev: true

  /lefthook-darwin-arm64@1.6.7:
    resolution: {integrity: sha512-/Li1ssZd8WYpBMq2Aqs7AZGWtKpJQJkWkfrEzT6ke7gjNngBurRkVJcEpoiRJpzhk6J+HZTk3Pimh8XaYI0KHw==}
    cpu: [arm64]
    os: [darwin]
    requiresBuild: true
    dev: true
    optional: true

  /lefthook-darwin-x64@1.6.7:
    resolution: {integrity: sha512-ZKRUFea0j/pco3NoypOHlzmSaYx5UYq47qywiqMUDmXz/38sjRlt8apKSNS3rlsPyPw+9g1c+pWwi+mQiHOnDg==}
    cpu: [x64]
    os: [darwin]
    requiresBuild: true
    dev: true
    optional: true

  /lefthook-freebsd-arm64@1.6.7:
    resolution: {integrity: sha512-kY1/+SqxGg4xyKCXOZG9tSmBSHr1m7IoGy4G4FlbmLcZeq4n1JUlhPz/05rbIemR7HXOwA5CAGyjooxT4hNfyw==}
    cpu: [arm64]
    os: [freebsd]
    requiresBuild: true
    dev: true
    optional: true

  /lefthook-freebsd-x64@1.6.7:
    resolution: {integrity: sha512-rC9/G6WPKWyxNB68HsUxngOdcTAHTux04LgDgC0j6OOFgpo8cEYHSNTHv4ERz79FxCPBmNe4Cg+mIXHYg8b8RQ==}
    cpu: [x64]
    os: [freebsd]
    requiresBuild: true
    dev: true
    optional: true

  /lefthook-linux-arm64@1.6.7:
    resolution: {integrity: sha512-3MAfA/cAgA7716C04XkSoyfMDXkOZDx9k2BkZdOwt35TBjxz6fkinYeeOvszGBSfeOFNQHIYYFgHazEaFVzrjQ==}
    cpu: [arm64]
    os: [linux]
    requiresBuild: true
    dev: true
    optional: true

  /lefthook-linux-x64@1.6.7:
    resolution: {integrity: sha512-VzgNM0bJyzakrhjFZbTYrwli0L6bY1bk6SKhyFAYToH8/rI6pjlinSgu1VTAamXhxmA7YaRB8/5OJEjhvb0aKg==}
    cpu: [x64]
    os: [linux]
    requiresBuild: true
    dev: true
    optional: true

  /lefthook-windows-arm64@1.6.7:
    resolution: {integrity: sha512-naV4612JbrOCRZSWVS0Y1BzREHDLyCWC9eHqDG8XTGC1NJ/vM3ip2j9hHHF/GPSceazs82Tog2rSpJ9q8JZ0IQ==}
    cpu: [arm64]
    os: [win32]
    requiresBuild: true
    dev: true
    optional: true

  /lefthook-windows-x64@1.6.7:
    resolution: {integrity: sha512-U0jwO5CTya9yo1G+946ULBhH3Nl6j+WOqYz7rWJQIIFNe0mvethmAv+aLKMNrAWgOZ+gX0A7++cqdUOl9LoVwQ==}
    cpu: [x64]
    os: [win32]
    requiresBuild: true
    dev: true
    optional: true

  /lefthook@1.6.7:
    resolution: {integrity: sha512-glQisTn0oMXfWv58MBE54wOPez8T06dqcEGrfz73RlvOi/kvbu59oockEvMYs4RfvowQirF0ncp+JHWJbDMRgQ==}
    hasBin: true
    requiresBuild: true
    optionalDependencies:
      lefthook-darwin-arm64: 1.6.7
      lefthook-darwin-x64: 1.6.7
      lefthook-freebsd-arm64: 1.6.7
      lefthook-freebsd-x64: 1.6.7
      lefthook-linux-arm64: 1.6.7
      lefthook-linux-x64: 1.6.7
      lefthook-windows-arm64: 1.6.7
      lefthook-windows-x64: 1.6.7
    dev: true

  /merge2@1.4.1:
    resolution: {integrity: sha512-8q7VEgMJW4J8tcfVPy8g09NcQwZdbwFEqhe/WZkoIzjn/3TGDwtOCYtXGxA3O8tPzpczCCDgv+P2P5y00ZJOOg==}
    engines: {node: '>= 8'}
    dev: true

  /micromatch@4.0.5:
    resolution: {integrity: sha512-DMy+ERcEW2q8Z2Po+WNXuw3c5YaUSFjAO5GsJqfEl7UjvtIuFKO6ZrKvcItdy98dwFI2N1tg3zNIdKaQT+aNdA==}
    engines: {node: '>=8.6'}
    dependencies:
      braces: 3.0.2
      picomatch: 2.3.1
    dev: true

  /picomatch@2.3.1:
    resolution: {integrity: sha512-JU3teHTNjmE2VCGFzuY8EXzCDVwEqB2a8fsIvwaStHhAWJEeVd1o1QD80CU6+ZdEXXSLbSsuLwJjkCBWqRQUVA==}
    engines: {node: '>=8.6'}
    dev: true

  /queue-microtask@1.2.3:
    resolution: {integrity: sha512-NuaNSa6flKT5JaSYQzJok04JzTL1CA6aGhv5rfLW3PgqA+M2ChpZQnAC8h8i4ZFkBS8X5RqkDBHA7r4hej3K9A==}
    dev: true

  /reusify@1.0.4:
    resolution: {integrity: sha512-U9nH88a3fc/ekCF1l0/UP1IosiuIjyTh7hBvXVMHYgVcfGvt897Xguj2UOLDeI5BG2m7/uwyaLVT6fbtCwTyzw==}
    engines: {iojs: '>=1.0.0', node: '>=0.10.0'}
    dev: true

  /run-parallel@1.2.0:
    resolution: {integrity: sha512-5l4VyZR86LZ/lDxZTR6jqL8AFE2S0IFLMP26AbjsLVADxHdhB/c0GUsH+y39UfCi3dzz8OlQuPmnaJOMoDHQBA==}
    dependencies:
      queue-microtask: 1.2.3
    dev: true

  /to-regex-range@5.0.1:
    resolution: {integrity: sha512-65P7iz6X5yEr1cwcgvQxbbIw7Uk3gOy5dIdtZ4rDveLqhrdJP+Li/Hx6tyK0NEb+2GCyneCMJiGqrADCSNk8sQ==}
    engines: {node: '>=8.0'}
    dependencies:
      is-number: 7.0.0
    dev: true

  /tslib@2.6.2:
    resolution: {integrity: sha512-AEYxH93jGFPn/a2iVAwW87VuUIkR1FVUKB77NwMF7nBTDkDrrT/Hpt/IrCJ0QXhW27jTBDcf5ZY7w6RiqTMw2Q==}
    dev: true

  /typescript@5.4.5:
    resolution: {integrity: sha512-vcI4UpRgg81oIRUFwR0WSIHKt11nJ7SAVlYNIu+QpqeyXP+gpQJy/Z4+F0aGxSE4MqwjyXvW/TzgkLAx2AGHwQ==}
    engines: {node: '>=14.17'}
    hasBin: true
    dev: false
