lockfileVersion: '6.0'

settings:
  autoInstallPeers: true
  excludeLinksFromLockfile: false

dependencies:
  tslib:
    specifier: 2.6.2
    version: 2.6.2

devDependencies:
  simple-git-hooks:
    specifier: 2.9.0
    version: 2.9.0
  typescript:
    specifier: 5.4.3
    version: 5.4.3

packages:

  /simple-git-hooks@2.9.0:
    resolution: {integrity: sha512-waSQ5paUQtyGC0ZxlHmcMmD9I1rRXauikBwX31bX58l5vTOhCEcBC5Bi+ZDkPXTjDnZAF8TbCqKBY+9+sVPScw==}
    hasBin: true
    requiresBuild: true
    dev: true

  /tslib@2.6.2:
    resolution: {integrity: sha512-AEYxH93jGFPn/a2iVAwW87VuUIkR1FVUKB77NwMF7nBTDkDrrT/Hpt/IrCJ0QXhW27jTBDcf5ZY7w6RiqTMw2Q==}
    dev: false

  /typescript@5.4.3:
    resolution: {integrity: sha512-KrPd3PKaCLr78MalgiwJnA25Nm8HAmdwN3mYUYZgG/wizIo9EainNVQI9/yDavtVFRN2h3k8uf3GLHuhDMgEHg==}
    engines: {node: '>=14.17'}
    hasBin: true
    dev: true
