# This file is generated by running "yarn install" inside your project.
# Manual changes might be lost - proceed with caution!

__metadata:
  version: 6
  cacheKey: 8

"@babel/runtime@npm:^7.21.0":
  version: 7.22.6
  resolution: "@babel/runtime@npm:7.22.6"
  dependencies:
    regenerator-runtime: ^0.13.11
  checksum: e585338287c4514a713babf4fdb8fc2a67adcebab3e7723a739fc62c79cfda875b314c90fd25f827afb150d781af97bc16c85bfdbfa2889f06053879a1ddb597
  languageName: node
  linkType: hard

"@nodelib/fs.scandir@npm:2.1.5":
  version: 2.1.5
  resolution: "@nodelib/fs.scandir@npm:2.1.5"
  dependencies:
    "@nodelib/fs.stat": 2.0.5
    run-parallel: ^1.1.9
  checksum: a970d595bd23c66c880e0ef1817791432dbb7acbb8d44b7e7d0e7a22f4521260d4a83f7f9fd61d44fda4610105577f8f58a60718105fb38352baed612fd79e59
  languageName: node
  linkType: hard

"@nodelib/fs.stat@npm:2.0.5, @nodelib/fs.stat@npm:^2.0.2":
  version: 2.0.5
  resolution: "@nodelib/fs.stat@npm:2.0.5"
  checksum: 012480b5ca9d97bff9261571dbbec7bbc6033f69cc92908bc1ecfad0792361a5a1994bc48674b9ef76419d056a03efadfce5a6cf6dbc0a36559571a7a483f6f0
  languageName: node
  linkType: hard

"@nodelib/fs.walk@npm:^1.2.3":
  version: 1.2.8
  resolution: "@nodelib/fs.walk@npm:1.2.8"
  dependencies:
    "@nodelib/fs.scandir": 2.1.5
    fastq: ^1.6.0
  checksum: 190c643f156d8f8f277bf2a6078af1ffde1fd43f498f187c2db24d35b4b4b5785c02c7dc52e356497b9a1b65b13edc996de08de0b961c32844364da02986dc53
  languageName: node
  linkType: hard

"@pkgr/utils@npm:^2.3.1":
  version: 2.4.2
  resolution: "@pkgr/utils@npm:2.4.2"
  dependencies:
    cross-spawn: ^7.0.3
    fast-glob: ^3.3.0
    is-glob: ^4.0.3
    open: ^9.1.0
    picocolors: ^1.0.0
    tslib: ^2.6.0
  checksum: 24e04c121269317d259614cd32beea3af38277151c4002df5883c4be920b8e3490bb897748e844f9d46bf68230f86dabd4e8f093773130e7e60529a769a132fc
  languageName: node
  linkType: hard

"ansi-regex@npm:^5.0.1":
  version: 5.0.1
  resolution: "ansi-regex@npm:5.0.1"
  checksum: 2aa4bb54caf2d622f1afdad09441695af2a83aa3fe8b8afa581d205e57ed4261c183c4d3877cee25794443fde5876417d859c108078ab788d6af7e4fe52eb66b
  languageName: node
  linkType: hard

"ansi-styles@npm:^4.0.0, ansi-styles@npm:^4.1.0":
  version: 4.3.0
  resolution: "ansi-styles@npm:4.3.0"
  dependencies:
    color-convert: ^2.0.1
  checksum: 513b44c3b2105dd14cc42a19271e80f386466c4be574bccf60b627432f9198571ebf4ab1e4c3ba17347658f4ee1711c163d574248c0c1cdc2d5917a0ad582ec4
  languageName: node
  linkType: hard

"big-integer@npm:^1.6.44":
  version: 1.6.51
  resolution: "big-integer@npm:1.6.51"
  checksum: 3d444173d1b2e20747e2c175568bedeebd8315b0637ea95d75fd27830d3b8e8ba36c6af40374f36bdaea7b5de376dcada1b07587cb2a79a928fccdb6e6e3c518
  languageName: node
  linkType: hard

"bplist-parser@npm:^0.2.0":
  version: 0.2.0
  resolution: "bplist-parser@npm:0.2.0"
  dependencies:
    big-integer: ^1.6.44
  checksum: d5339dd16afc51de6c88f88f58a45b72ed6a06aa31f5557d09877575f220b7c1d3fbe375da0b62e6a10d4b8ed80523567e351f24014f5bc886ad523758142cdd
  languageName: node
  linkType: hard

"braces@npm:^3.0.2":
  version: 3.0.2
  resolution: "braces@npm:3.0.2"
  dependencies:
    fill-range: ^7.0.1
  checksum: e2a8e769a863f3d4ee887b5fe21f63193a891c68b612ddb4b68d82d1b5f3ff9073af066c343e9867a393fe4c2555dcb33e89b937195feb9c1613d259edfcd459
  languageName: node
  linkType: hard

"bundle-name@npm:^3.0.0":
  version: 3.0.0
  resolution: "bundle-name@npm:3.0.0"
  dependencies:
    run-applescript: ^5.0.0
  checksum: edf2b1fbe6096ed32e7566947ace2ea937ee427391744d7510a2880c4b9a5b3543d3f6c551236a29e5c87d3195f8e2912516290e638c15bcbede7b37cc375615
  languageName: node
  linkType: hard

"chalk@npm:^4.1.2":
  version: 4.1.2
  resolution: "chalk@npm:4.1.2"
  dependencies:
    ansi-styles: ^4.1.0
    supports-color: ^7.1.0
  checksum: fe75c9d5c76a7a98d45495b91b2172fa3b7a09e0cc9370e5c8feb1c567b85c4288e2b3fded7cfdd7359ac28d6b3844feb8b82b8686842e93d23c827c417e83fc
  languageName: node
  linkType: hard

"cliui@npm:^8.0.1":
  version: 8.0.1
  resolution: "cliui@npm:8.0.1"
  dependencies:
    string-width: ^4.2.0
    strip-ansi: ^6.0.1
    wrap-ansi: ^7.0.0
  checksum: 79648b3b0045f2e285b76fb2e24e207c6db44323581e421c3acbd0e86454cba1b37aea976ab50195a49e7384b871e6dfb2247ad7dec53c02454ac6497394cb56
  languageName: node
  linkType: hard

"color-convert@npm:^2.0.1":
  version: 2.0.1
  resolution: "color-convert@npm:2.0.1"
  dependencies:
    color-name: ~1.1.4
  checksum: 79e6bdb9fd479a205c71d89574fccfb22bd9053bd98c6c4d870d65c132e5e904e6034978e55b43d69fcaa7433af2016ee203ce76eeba9cfa554b373e7f7db336
  languageName: node
  linkType: hard

"color-name@npm:~1.1.4":
  version: 1.1.4
  resolution: "color-name@npm:1.1.4"
  checksum: b0445859521eb4021cd0fb0cc1a75cecf67fceecae89b63f62b201cca8d345baf8b952c966862a9d9a2632987d4f6581f0ec8d957dfacece86f0a7919316f610
  languageName: node
  linkType: hard

"concurrently@npm:8.2.0":
  version: 8.2.0
  resolution: "concurrently@npm:8.2.0"
  dependencies:
    chalk: ^4.1.2
    date-fns: ^2.30.0
    lodash: ^4.17.21
    rxjs: ^7.8.1
    shell-quote: ^1.8.1
    spawn-command: 0.0.2
    supports-color: ^8.1.1
    tree-kill: ^1.2.2
    yargs: ^17.7.2
  bin:
    conc: dist/bin/concurrently.js
    concurrently: dist/bin/concurrently.js
  checksum: eafe6a4d9b7fda87f55ea285cfc6acd937a5286ceec8991ab48e6cc27c45fce6a5c6f45e18d7555defa15dc7d7e8941bc5a9d1ceaf182e31441d420e00333434
  languageName: node
  linkType: hard

"cross-spawn@npm:^7.0.3":
  version: 7.0.3
  resolution: "cross-spawn@npm:7.0.3"
  dependencies:
    path-key: ^3.1.0
    shebang-command: ^2.0.0
    which: ^2.0.1
  checksum: 671cc7c7288c3a8406f3c69a3ae2fc85555c04169e9d611def9a675635472614f1c0ed0ef80955d5b6d4e724f6ced67f0ad1bb006c2ea643488fcfef994d7f52
  languageName: node
  linkType: hard

"date-fns@npm:^2.30.0":
  version: 2.30.0
  resolution: "date-fns@npm:2.30.0"
  dependencies:
    "@babel/runtime": ^7.21.0
  checksum: f7be01523282e9bb06c0cd2693d34f245247a29098527d4420628966a2d9aad154bd0e90a6b1cf66d37adcb769cd108cf8a7bd49d76db0fb119af5cdd13644f4
  languageName: node
  linkType: hard

"default-browser-id@npm:^3.0.0":
  version: 3.0.0
  resolution: "default-browser-id@npm:3.0.0"
  dependencies:
    bplist-parser: ^0.2.0
    untildify: ^4.0.0
  checksum: 279c7ad492542e5556336b6c254a4eaf31b2c63a5433265655ae6e47301197b6cfb15c595a6fdc6463b2ff8e1a1a1ed3cba56038a60e1527ba4ab1628c6b9941
  languageName: node
  linkType: hard

"default-browser@npm:^4.0.0":
  version: 4.0.0
  resolution: "default-browser@npm:4.0.0"
  dependencies:
    bundle-name: ^3.0.0
    default-browser-id: ^3.0.0
    execa: ^7.1.1
    titleize: ^3.0.0
  checksum: 40c5af984799042b140300be5639c9742599bda76dc9eba5ac9ad5943c83dd36cebc4471eafcfddf8e0ec817166d5ba89d56f08e66a126c7c7908a179cead1a7
  languageName: node
  linkType: hard

"define-lazy-prop@npm:^3.0.0":
  version: 3.0.0
  resolution: "define-lazy-prop@npm:3.0.0"
  checksum: 54884f94caac0791bf6395a3ec530ce901cf71c47b0196b8754f3fd17edb6c0e80149c1214429d851873bb0d689dbe08dcedbb2306dc45c8534a5934723851b6
  languageName: node
  linkType: hard

"detect-indent@npm:^7.0.1":
  version: 7.0.1
  resolution: "detect-indent@npm:7.0.1"
  checksum: cbf3f0b1c3c881934ca94428e1179b26ab2a587e0d719031d37a67fb506d49d067de54ff057cb1e772e75975fed5155c01cd4518306fee60988b1486e3fc7768
  languageName: node
  linkType: hard

"detect-newline@npm:^4.0.0":
  version: 4.0.0
  resolution: "detect-newline@npm:4.0.0"
  checksum: 52767347c70f485b2d1db6493dde57b8c3c1f249e24bad7eb7424cc1129200aa7e671902ede18bc94a8b69e10dec91456aab4c7e2478559d9eedb31ef3847f36
  languageName: node
  linkType: hard

"dir-glob@npm:^3.0.1":
  version: 3.0.1
  resolution: "dir-glob@npm:3.0.1"
  dependencies:
    path-type: ^4.0.0
  checksum: fa05e18324510d7283f55862f3161c6759a3f2f8dbce491a2fc14c8324c498286c54282c1f0e933cb930da8419b30679389499b919122952a4f8592362ef4615
  languageName: node
  linkType: hard

"emoji-regex@npm:^8.0.0":
  version: 8.0.0
  resolution: "emoji-regex@npm:8.0.0"
  checksum: d4c5c39d5a9868b5fa152f00cada8a936868fd3367f33f71be515ecee4c803132d11b31a6222b2571b1e5f7e13890156a94880345594d0ce7e3c9895f560f192
  languageName: node
  linkType: hard

"escalade@npm:^3.1.1":
  version: 3.1.1
  resolution: "escalade@npm:3.1.1"
  checksum: a3e2a99f07acb74b3ad4989c48ca0c3140f69f923e56d0cba0526240ee470b91010f9d39001f2a4a313841d237ede70a729e92125191ba5d21e74b106800b133
  languageName: node
  linkType: hard

"execa@npm:^5.0.0":
  version: 5.1.1
  resolution: "execa@npm:5.1.1"
  dependencies:
    cross-spawn: ^7.0.3
    get-stream: ^6.0.0
    human-signals: ^2.1.0
    is-stream: ^2.0.0
    merge-stream: ^2.0.0
    npm-run-path: ^4.0.1
    onetime: ^5.1.2
    signal-exit: ^3.0.3
    strip-final-newline: ^2.0.0
  checksum: fba9022c8c8c15ed862847e94c252b3d946036d7547af310e344a527e59021fd8b6bb0723883ea87044dc4f0201f949046993124a42ccb0855cae5bf8c786343
  languageName: node
  linkType: hard

"execa@npm:^7.1.1":
  version: 7.1.1
  resolution: "execa@npm:7.1.1"
  dependencies:
    cross-spawn: ^7.0.3
    get-stream: ^6.0.1
    human-signals: ^4.3.0
    is-stream: ^3.0.0
    merge-stream: ^2.0.0
    npm-run-path: ^5.1.0
    onetime: ^6.0.0
    signal-exit: ^3.0.7
    strip-final-newline: ^3.0.0
  checksum: 21fa46fc69314ace4068cf820142bdde5b643a5d89831c2c9349479c1555bff137a291b8e749e7efca36535e4e0a8c772c11008ca2e84d2cbd6ca141a3c8f937
  languageName: node
  linkType: hard

"fast-glob@npm:^3.3.0":
  version: 3.3.0
  resolution: "fast-glob@npm:3.3.0"
  dependencies:
    "@nodelib/fs.stat": ^2.0.2
    "@nodelib/fs.walk": ^1.2.3
    glob-parent: ^5.1.2
    merge2: ^1.3.0
    micromatch: ^4.0.4
  checksum: 20df62be28eb5426fe8e40e0d05601a63b1daceb7c3d87534afcad91bdcf1e4b1743cf2d5247d6e225b120b46df0b9053a032b2691ba34ee121e033acd81f547
  languageName: node
  linkType: hard

"fastq@npm:^1.6.0":
  version: 1.15.0
  resolution: "fastq@npm:1.15.0"
  dependencies:
    reusify: ^1.0.4
  checksum: 0170e6bfcd5d57a70412440b8ef600da6de3b2a6c5966aeaf0a852d542daff506a0ee92d6de7679d1de82e644bce69d7a574a6c93f0b03964b5337eed75ada1a
  languageName: node
  linkType: hard

"fill-range@npm:^7.0.1":
  version: 7.0.1
  resolution: "fill-range@npm:7.0.1"
  dependencies:
    to-regex-range: ^5.0.1
  checksum: cc283f4e65b504259e64fd969bcf4def4eb08d85565e906b7d36516e87819db52029a76b6363d0f02d0d532f0033c9603b9e2d943d56ee3b0d4f7ad3328ff917
  languageName: node
  linkType: hard

"get-caller-file@npm:^2.0.5":
  version: 2.0.5
  resolution: "get-caller-file@npm:2.0.5"
  checksum: b9769a836d2a98c3ee734a88ba712e62703f1df31b94b784762c433c27a386dd6029ff55c2a920c392e33657d80191edbf18c61487e198844844516f843496b9
  languageName: node
  linkType: hard

"get-stdin@npm:^9.0.0":
  version: 9.0.0
  resolution: "get-stdin@npm:9.0.0"
  checksum: 5972bc34d05932b45512c8e2d67b040f1c1ca8afb95c56cbc480985f2d761b7e37fe90dc8abd22527f062cc5639a6930ff346e9952ae4c11a2d4275869459594
  languageName: node
  linkType: hard

"get-stream@npm:^6.0.0, get-stream@npm:^6.0.1":
  version: 6.0.1
  resolution: "get-stream@npm:6.0.1"
  checksum: e04ecece32c92eebf5b8c940f51468cd53554dcbb0ea725b2748be583c9523d00128137966afce410b9b051eb2ef16d657cd2b120ca8edafcf5a65e81af63cad
  languageName: node
  linkType: hard

"git-hooks-list@npm:^3.0.0":
  version: 3.1.0
  resolution: "git-hooks-list@npm:3.1.0"
  checksum: 05cbdb29e1e14f3b6fde78c876a34383e4476b1be32e8486ad03293f01add884c1a8df8c2dce2ca5d99119c94951b2ff9fa9cbd51d834ae6477b6813cefb998f
  languageName: node
  linkType: hard

"glob-parent@npm:^5.1.2":
  version: 5.1.2
  resolution: "glob-parent@npm:5.1.2"
  dependencies:
    is-glob: ^4.0.1
  checksum: f4f2bfe2425296e8a47e36864e4f42be38a996db40420fe434565e4480e3322f18eb37589617a98640c5dc8fdec1a387007ee18dbb1f3f5553409c34d17f425e
  languageName: node
  linkType: hard

"globby@npm:^13.1.2":
  version: 13.2.2
  resolution: "globby@npm:13.2.2"
  dependencies:
    dir-glob: ^3.0.1
    fast-glob: ^3.3.0
    ignore: ^5.2.4
    merge2: ^1.4.1
    slash: ^4.0.0
  checksum: f3d84ced58a901b4fcc29c846983108c426631fe47e94872868b65565495f7bee7b3defd68923bd480582771fd4bbe819217803a164a618ad76f1d22f666f41e
  languageName: node
  linkType: hard

"has-flag@npm:^4.0.0":
  version: 4.0.0
  resolution: "has-flag@npm:4.0.0"
  checksum: 261a1357037ead75e338156b1f9452c016a37dcd3283a972a30d9e4a87441ba372c8b81f818cd0fbcd9c0354b4ae7e18b9e1afa1971164aef6d18c2b6095a8ad
  languageName: node
  linkType: hard

"human-signals@npm:^2.1.0":
  version: 2.1.0
  resolution: "human-signals@npm:2.1.0"
  checksum: b87fd89fce72391625271454e70f67fe405277415b48bcc0117ca73d31fa23a4241787afdc8d67f5a116cf37258c052f59ea82daffa72364d61351423848e3b8
  languageName: node
  linkType: hard

"human-signals@npm:^4.3.0":
  version: 4.3.1
  resolution: "human-signals@npm:4.3.1"
  checksum: 6f12958df3f21b6fdaf02d90896c271df00636a31e2bbea05bddf817a35c66b38a6fdac5863e2df85bd52f34958997f1f50350ff97249e1dff8452865d5235d1
  languageName: node
  linkType: hard

"ignore@npm:^5.2.4":
  version: 5.2.4
  resolution: "ignore@npm:5.2.4"
  checksum: 3d4c309c6006e2621659311783eaea7ebcd41fe4ca1d78c91c473157ad6666a57a2df790fe0d07a12300d9aac2888204d7be8d59f9aaf665b1c7fcdb432517ef
  languageName: node
  linkType: hard

"is-docker@npm:^2.0.0":
  version: 2.2.1
  resolution: "is-docker@npm:2.2.1"
  bin:
    is-docker: cli.js
  checksum: 3fef7ddbf0be25958e8991ad941901bf5922ab2753c46980b60b05c1bf9c9c2402d35e6dc32e4380b980ef5e1970a5d9d5e5aa2e02d77727c3b6b5e918474c56
  languageName: node
  linkType: hard

"is-docker@npm:^3.0.0":
  version: 3.0.0
  resolution: "is-docker@npm:3.0.0"
  bin:
    is-docker: cli.js
  checksum: b698118f04feb7eaf3338922bd79cba064ea54a1c3db6ec8c0c8d8ee7613e7e5854d802d3ef646812a8a3ace81182a085dfa0a71cc68b06f3fa794b9783b3c90
  languageName: node
  linkType: hard

"is-extglob@npm:^2.1.1":
  version: 2.1.1
  resolution: "is-extglob@npm:2.1.1"
  checksum: df033653d06d0eb567461e58a7a8c9f940bd8c22274b94bf7671ab36df5719791aae15eef6d83bbb5e23283967f2f984b8914559d4449efda578c775c4be6f85
  languageName: node
  linkType: hard

"is-fullwidth-code-point@npm:^3.0.0":
  version: 3.0.0
  resolution: "is-fullwidth-code-point@npm:3.0.0"
  checksum: 44a30c29457c7fb8f00297bce733f0a64cd22eca270f83e58c105e0d015e45c019491a4ab2faef91ab51d4738c670daff901c799f6a700e27f7314029e99e348
  languageName: node
  linkType: hard

"is-glob@npm:^4.0.1, is-glob@npm:^4.0.3":
  version: 4.0.3
  resolution: "is-glob@npm:4.0.3"
  dependencies:
    is-extglob: ^2.1.1
  checksum: d381c1319fcb69d341cc6e6c7cd588e17cd94722d9a32dbd60660b993c4fb7d0f19438674e68dfec686d09b7c73139c9166b47597f846af387450224a8101ab4
  languageName: node
  linkType: hard

"is-inside-container@npm:^1.0.0":
  version: 1.0.0
  resolution: "is-inside-container@npm:1.0.0"
  dependencies:
    is-docker: ^3.0.0
  bin:
    is-inside-container: cli.js
  checksum: c50b75a2ab66ab3e8b92b3bc534e1ea72ca25766832c0623ac22d134116a98bcf012197d1caabe1d1c4bd5f84363d4aa5c36bb4b585fbcaf57be172cd10a1a03
  languageName: node
  linkType: hard

"is-number@npm:^7.0.0":
  version: 7.0.0
  resolution: "is-number@npm:7.0.0"
  checksum: 456ac6f8e0f3111ed34668a624e45315201dff921e5ac181f8ec24923b99e9f32ca1a194912dc79d539c97d33dba17dc635202ff0b2cf98326f608323276d27a
  languageName: node
  linkType: hard

"is-plain-obj@npm:^4.1.0":
  version: 4.1.0
  resolution: "is-plain-obj@npm:4.1.0"
  checksum: 6dc45da70d04a81f35c9310971e78a6a3c7a63547ef782e3a07ee3674695081b6ca4e977fbb8efc48dae3375e0b34558d2bcd722aec9bddfa2d7db5b041be8ce
  languageName: node
  linkType: hard

"is-stream@npm:^2.0.0":
  version: 2.0.1
  resolution: "is-stream@npm:2.0.1"
  checksum: b8e05ccdf96ac330ea83c12450304d4a591f9958c11fd17bed240af8d5ffe08aedafa4c0f4cfccd4d28dc9d4d129daca1023633d5c11601a6cbc77521f6fae66
  languageName: node
  linkType: hard

"is-stream@npm:^3.0.0":
  version: 3.0.0
  resolution: "is-stream@npm:3.0.0"
  checksum: 172093fe99119ffd07611ab6d1bcccfe8bc4aa80d864b15f43e63e54b7abc71e779acd69afdb854c4e2a67fdc16ae710e370eda40088d1cfc956a50ed82d8f16
  languageName: node
  linkType: hard

"is-wsl@npm:^2.2.0":
  version: 2.2.0
  resolution: "is-wsl@npm:2.2.0"
  dependencies:
    is-docker: ^2.0.0
  checksum: 20849846ae414997d290b75e16868e5261e86ff5047f104027026fd61d8b5a9b0b3ade16239f35e1a067b3c7cc02f70183cb661010ed16f4b6c7c93dad1b19d8
  languageName: node
  linkType: hard

"isexe@npm:^2.0.0":
  version: 2.0.0
  resolution: "isexe@npm:2.0.0"
  checksum: 26bf6c5480dda5161c820c5b5c751ae1e766c587b1f951ea3fcfc973bafb7831ae5b54a31a69bd670220e42e99ec154475025a468eae58ea262f813fdc8d1c62
  languageName: node
  linkType: hard

"lodash@npm:^4.17.21":
  version: 4.17.21
  resolution: "lodash@npm:4.17.21"
  checksum: eb835a2e51d381e561e508ce932ea50a8e5a68f4ebdd771ea240d3048244a8d13658acbd502cd4829768c56f2e16bdd4340b9ea141297d472517b83868e677f7
  languageName: node
  linkType: hard

"merge-stream@npm:^2.0.0":
  version: 2.0.0
  resolution: "merge-stream@npm:2.0.0"
  checksum: 6fa4dcc8d86629705cea944a4b88ef4cb0e07656ebf223fa287443256414283dd25d91c1cd84c77987f2aec5927af1a9db6085757cb43d90eb170ebf4b47f4f4
  languageName: node
  linkType: hard

"merge2@npm:^1.3.0, merge2@npm:^1.4.1":
  version: 1.4.1
  resolution: "merge2@npm:1.4.1"
  checksum: 7268db63ed5169466540b6fb947aec313200bcf6d40c5ab722c22e242f651994619bcd85601602972d3c85bd2cc45a358a4c61937e9f11a061919a1da569b0c2
  languageName: node
  linkType: hard

"micromatch@npm:^4.0.4":
  version: 4.0.5
  resolution: "micromatch@npm:4.0.5"
  dependencies:
    braces: ^3.0.2
    picomatch: ^2.3.1
  checksum: 02a17b671c06e8fefeeb6ef996119c1e597c942e632a21ef589154f23898c9c6a9858526246abb14f8bca6e77734aa9dcf65476fca47cedfb80d9577d52843fc
  languageName: node
  linkType: hard

"mimic-fn@npm:^2.1.0":
  version: 2.1.0
  resolution: "mimic-fn@npm:2.1.0"
  checksum: d2421a3444848ce7f84bd49115ddacff29c15745db73f54041edc906c14b131a38d05298dae3081667627a59b2eb1ca4b436ff2e1b80f69679522410418b478a
  languageName: node
  linkType: hard

"mimic-fn@npm:^4.0.0":
  version: 4.0.0
  resolution: "mimic-fn@npm:4.0.0"
  checksum: 995dcece15ee29aa16e188de6633d43a3db4611bcf93620e7e62109ec41c79c0f34277165b8ce5e361205049766e371851264c21ac64ca35499acb5421c2ba56
  languageName: node
  linkType: hard

"npm-run-path@npm:^4.0.1":
  version: 4.0.1
  resolution: "npm-run-path@npm:4.0.1"
  dependencies:
    path-key: ^3.0.0
  checksum: 5374c0cea4b0bbfdfae62da7bbdf1e1558d338335f4cacf2515c282ff358ff27b2ecb91ffa5330a8b14390ac66a1e146e10700440c1ab868208430f56b5f4d23
  languageName: node
  linkType: hard

"npm-run-path@npm:^5.1.0":
  version: 5.1.0
  resolution: "npm-run-path@npm:5.1.0"
  dependencies:
    path-key: ^4.0.0
  checksum: dc184eb5ec239d6a2b990b43236845332ef12f4e0beaa9701de724aa797fe40b6bbd0157fb7639d24d3ab13f5d5cf22d223a19c6300846b8126f335f788bee66
  languageName: node
  linkType: hard

"onetime@npm:^5.1.2":
  version: 5.1.2
  resolution: "onetime@npm:5.1.2"
  dependencies:
    mimic-fn: ^2.1.0
  checksum: 2478859ef817fc5d4e9c2f9e5728512ddd1dbc9fb7829ad263765bb6d3b91ce699d6e2332eef6b7dff183c2f490bd3349f1666427eaba4469fba0ac38dfd0d34
  languageName: node
  linkType: hard

"onetime@npm:^6.0.0":
  version: 6.0.0
  resolution: "onetime@npm:6.0.0"
  dependencies:
    mimic-fn: ^4.0.0
  checksum: 0846ce78e440841335d4e9182ef69d5762e9f38aa7499b19f42ea1c4cd40f0b4446094c455c713f9adac3f4ae86f613bb5e30c99e52652764d06a89f709b3788
  languageName: node
  linkType: hard

"open@npm:^9.1.0":
  version: 9.1.0
  resolution: "open@npm:9.1.0"
  dependencies:
    default-browser: ^4.0.0
    define-lazy-prop: ^3.0.0
    is-inside-container: ^1.0.0
    is-wsl: ^2.2.0
  checksum: 3993c0f61d51fed8ac290e99c9c3cf45d3b6cfb3e2aa2b74cafd312c3486c22fd81df16ac8f3ab91dd8a4e3e729a16fc2480cfc406c4833416cf908acf1ae7c9
  languageName: node
  linkType: hard

"path-key@npm:^3.0.0, path-key@npm:^3.1.0":
  version: 3.1.1
  resolution: "path-key@npm:3.1.1"
  checksum: 55cd7a9dd4b343412a8386a743f9c746ef196e57c823d90ca3ab917f90ab9f13dd0ded27252ba49dbdfcab2b091d998bc446f6220cd3cea65db407502a740020
  languageName: node
  linkType: hard

"path-key@npm:^4.0.0":
  version: 4.0.0
  resolution: "path-key@npm:4.0.0"
  checksum: 8e6c314ae6d16b83e93032c61020129f6f4484590a777eed709c4a01b50e498822b00f76ceaf94bc64dbd90b327df56ceadce27da3d83393790f1219e07721d7
  languageName: node
  linkType: hard

"path-type@npm:^4.0.0":
  version: 4.0.0
  resolution: "path-type@npm:4.0.0"
  checksum: 5b1e2daa247062061325b8fdbfd1fb56dde0a448fb1455453276ea18c60685bdad23a445dc148cf87bc216be1573357509b7d4060494a6fd768c7efad833ee45
  languageName: node
  linkType: hard

"picocolors@npm:^1.0.0":
  version: 1.0.0
  resolution: "picocolors@npm:1.0.0"
  checksum: a2e8092dd86c8396bdba9f2b5481032848525b3dc295ce9b57896f931e63fc16f79805144321f72976383fc249584672a75cc18d6777c6b757603f372f745981
  languageName: node
  linkType: hard

"picomatch@npm:^2.3.1":
  version: 2.3.1
  resolution: "picomatch@npm:2.3.1"
  checksum: 050c865ce81119c4822c45d3c84f1ced46f93a0126febae20737bd05ca20589c564d6e9226977df859ed5e03dc73f02584a2b0faad36e896936238238b0446cf
  languageName: node
  linkType: hard

"prettier-plugin-organize-imports@npm:3.2.3":
  version: 3.2.3
  resolution: "prettier-plugin-organize-imports@npm:3.2.3"
  peerDependencies:
    "@volar/vue-language-plugin-pug": ^1.0.4
    "@volar/vue-typescript": ^1.0.4
    prettier: ">=2.0"
    typescript: ">=2.9"
  peerDependenciesMeta:
    "@volar/vue-language-plugin-pug":
      optional: true
    "@volar/vue-typescript":
      optional: true
  checksum: e97dd707ce88960885df9598c2c0b8187169ff4664e7a5083a8603eabfb457aa0a0eafdf5cb60877a1085e2da5f9cb19fa441061227aa23524e5fe1709bae0cf
  languageName: node
  linkType: hard

"prettier-plugin-packagejson@npm:2.4.5":
  version: 2.4.5
  resolution: "prettier-plugin-packagejson@npm:2.4.5"
  dependencies:
    sort-package-json: 2.5.1
    synckit: 0.8.5
  peerDependencies:
    prettier: ">= 1.16.0"
  peerDependenciesMeta:
    prettier:
      optional: true
  checksum: 9d7529e42546c157194c5d490890852c7e97d2c3ae529f83e3caec61ec97b5bc63b28b25836d7de579accde09b6e161cc9145b2d4105822586b589eedb1f2d14
  languageName: node
  linkType: hard

"prettier@npm:3.0.0":
  version: 3.0.0
  resolution: "prettier@npm:3.0.0"
  bin:
    prettier: bin/prettier.cjs
  checksum: 6a832876a1552dc58330d2467874e5a0b46b9ccbfc5d3531eb69d15684743e7f83dc9fbd202db6270446deba9c82b79d24383d09924c462b457136a759425e33
  languageName: node
  linkType: hard

"queue-microtask@npm:^1.2.2":
  version: 1.2.3
  resolution: "queue-microtask@npm:1.2.3"
  checksum: b676f8c040cdc5b12723ad2f91414d267605b26419d5c821ff03befa817ddd10e238d22b25d604920340fd73efd8ba795465a0377c4adf45a4a41e4234e42dc4
  languageName: node
  linkType: hard

"regenerator-runtime@npm:^0.13.11":
  version: 0.13.11
  resolution: "regenerator-runtime@npm:0.13.11"
  checksum: 27481628d22a1c4e3ff551096a683b424242a216fee44685467307f14d58020af1e19660bf2e26064de946bad7eff28950eae9f8209d55723e2d9351e632bbb4
  languageName: node
  linkType: hard

"require-directory@npm:^2.1.1":
  version: 2.1.1
  resolution: "require-directory@npm:2.1.1"
  checksum: fb47e70bf0001fdeabdc0429d431863e9475e7e43ea5f94ad86503d918423c1543361cc5166d713eaa7029dd7a3d34775af04764bebff99ef413111a5af18c80
  languageName: node
  linkType: hard

"reusify@npm:^1.0.4":
  version: 1.0.4
  resolution: "reusify@npm:1.0.4"
  checksum: c3076ebcc22a6bc252cb0b9c77561795256c22b757f40c0d8110b1300723f15ec0fc8685e8d4ea6d7666f36c79ccc793b1939c748bf36f18f542744a4e379fcc
  languageName: node
  linkType: hard

"root-workspace-0b6124@workspace:.":
  version: 0.0.0-use.local
  resolution: "root-workspace-0b6124@workspace:."
  dependencies:
    concurrently: 8.2.0
    prettier: 3.0.0
    prettier-plugin-organize-imports: 3.2.3
    prettier-plugin-packagejson: 2.4.5
    simple-git-hooks: 2.8.1
    typescript: 5.1.6
  languageName: unknown
  linkType: soft

"run-applescript@npm:^5.0.0":
  version: 5.0.0
  resolution: "run-applescript@npm:5.0.0"
  dependencies:
    execa: ^5.0.0
  checksum: d00c2dbfa5b2d774de7451194b8b125f40f65fc183de7d9dcae97f57f59433586d3c39b9001e111c38bfa24c3436c99df1bb4066a2a0c90d39a8c4cd6889af77
  languageName: node
  linkType: hard

"run-parallel@npm:^1.1.9":
  version: 1.2.0
  resolution: "run-parallel@npm:1.2.0"
  dependencies:
    queue-microtask: ^1.2.2
  checksum: cb4f97ad25a75ebc11a8ef4e33bb962f8af8516bb2001082ceabd8902e15b98f4b84b4f8a9b222e5d57fc3bd1379c483886ed4619367a7680dad65316993021d
  languageName: node
  linkType: hard

"rxjs@npm:^7.8.1":
  version: 7.8.1
  resolution: "rxjs@npm:7.8.1"
  dependencies:
    tslib: ^2.1.0
  checksum: de4b53db1063e618ec2eca0f7965d9137cabe98cf6be9272efe6c86b47c17b987383df8574861bcced18ebd590764125a901d5506082be84a8b8e364bf05f119
  languageName: node
  linkType: hard

"shebang-command@npm:^2.0.0":
  version: 2.0.0
  resolution: "shebang-command@npm:2.0.0"
  dependencies:
    shebang-regex: ^3.0.0
  checksum: 6b52fe87271c12968f6a054e60f6bde5f0f3d2db483a1e5c3e12d657c488a15474121a1d55cd958f6df026a54374ec38a4a963988c213b7570e1d51575cea7fa
  languageName: node
  linkType: hard

"shebang-regex@npm:^3.0.0":
  version: 3.0.0
  resolution: "shebang-regex@npm:3.0.0"
  checksum: 1a2bcae50de99034fcd92ad4212d8e01eedf52c7ec7830eedcf886622804fe36884278f2be8be0ea5fde3fd1c23911643a4e0f726c8685b61871c8908af01222
  languageName: node
  linkType: hard

"shell-quote@npm:^1.8.1":
  version: 1.8.1
  resolution: "shell-quote@npm:1.8.1"
  checksum: 5f01201f4ef504d4c6a9d0d283fa17075f6770bfbe4c5850b074974c68062f37929ca61700d95ad2ac8822e14e8c4b990ca0e6e9272e64befd74ce5e19f0736b
  languageName: node
  linkType: hard

"signal-exit@npm:^3.0.3, signal-exit@npm:^3.0.7":
  version: 3.0.7
  resolution: "signal-exit@npm:3.0.7"
  checksum: a2f098f247adc367dffc27845853e9959b9e88b01cb301658cfe4194352d8d2bb32e18467c786a7fe15f1d44b233ea35633d076d5e737870b7139949d1ab6318
  languageName: node
  linkType: hard

"simple-git-hooks@npm:2.8.1":
  version: 2.8.1
  resolution: "simple-git-hooks@npm:2.8.1"
  bin:
    simple-git-hooks: cli.js
  checksum: 920d8b3122a102d4790b511a2f033202511f6a08d5105b4e05f05907d407d99f25490da1037643280d622c1951e0d10abacfbeaee64d5f69f1d0e29cf914141f
  languageName: node
  linkType: hard

"slash@npm:^4.0.0":
  version: 4.0.0
  resolution: "slash@npm:4.0.0"
  checksum: da8e4af73712253acd21b7853b7e0dbba776b786e82b010a5bfc8b5051a1db38ed8aba8e1e8f400dd2c9f373be91eb1c42b66e91abb407ff42b10feece5e1d2d
  languageName: node
  linkType: hard

"sort-object-keys@npm:^1.1.3":
  version: 1.1.3
  resolution: "sort-object-keys@npm:1.1.3"
  checksum: abea944d6722a1710a1aa6e4f9509da085d93d5fc0db23947cb411eedc7731f80022ce8fa68ed83a53dd2ac7441fcf72a3f38c09b3d9bbc4ff80546aa2e151ad
  languageName: node
  linkType: hard

"sort-package-json@npm:2.5.1":
  version: 2.5.1
  resolution: "sort-package-json@npm:2.5.1"
  dependencies:
    detect-indent: ^7.0.1
    detect-newline: ^4.0.0
    get-stdin: ^9.0.0
    git-hooks-list: ^3.0.0
    globby: ^13.1.2
    is-plain-obj: ^4.1.0
    sort-object-keys: ^1.1.3
  bin:
    sort-package-json: cli.js
  checksum: 69ec7a6275fa518e3fa883558b77d14cb19e57115b458581aba9ef38eb629ab5836c6a2158ad124a0c9419b819e132fbd2a2df5a4fb8448f91339c470dba5101
  languageName: node
  linkType: hard

"spawn-command@npm:0.0.2":
  version: 0.0.2
  resolution: "spawn-command@npm:0.0.2"
  checksum: e35c5d28177b4d461d33c88cc11f6f3a5079e2b132c11e1746453bbb7a0c0b8a634f07541a2a234fa4758239d88203b758def509161b651e81958894c0b4b64b
  languageName: node
  linkType: hard

"string-width@npm:^4.1.0, string-width@npm:^4.2.0, string-width@npm:^4.2.3":
  version: 4.2.3
  resolution: "string-width@npm:4.2.3"
  dependencies:
    emoji-regex: ^8.0.0
    is-fullwidth-code-point: ^3.0.0
    strip-ansi: ^6.0.1
  checksum: e52c10dc3fbfcd6c3a15f159f54a90024241d0f149cf8aed2982a2d801d2e64df0bf1dc351cf8e95c3319323f9f220c16e740b06faecd53e2462df1d2b5443fb
  languageName: node
  linkType: hard

"strip-ansi@npm:^6.0.0, strip-ansi@npm:^6.0.1":
  version: 6.0.1
  resolution: "strip-ansi@npm:6.0.1"
  dependencies:
    ansi-regex: ^5.0.1
  checksum: f3cd25890aef3ba6e1a74e20896c21a46f482e93df4a06567cebf2b57edabb15133f1f94e57434e0a958d61186087b1008e89c94875d019910a213181a14fc8c
  languageName: node
  linkType: hard

"strip-final-newline@npm:^2.0.0":
  version: 2.0.0
  resolution: "strip-final-newline@npm:2.0.0"
  checksum: 69412b5e25731e1938184b5d489c32e340605bb611d6140344abc3421b7f3c6f9984b21dff296dfcf056681b82caa3bb4cc996a965ce37bcfad663e92eae9c64
  languageName: node
  linkType: hard

"strip-final-newline@npm:^3.0.0":
  version: 3.0.0
  resolution: "strip-final-newline@npm:3.0.0"
  checksum: 23ee263adfa2070cd0f23d1ac14e2ed2f000c9b44229aec9c799f1367ec001478469560abefd00c5c99ee6f0b31c137d53ec6029c53e9f32a93804e18c201050
  languageName: node
  linkType: hard

"supports-color@npm:^7.1.0":
  version: 7.2.0
  resolution: "supports-color@npm:7.2.0"
  dependencies:
    has-flag: ^4.0.0
  checksum: 3dda818de06ebbe5b9653e07842d9479f3555ebc77e9a0280caf5a14fb877ffee9ed57007c3b78f5a6324b8dbeec648d9e97a24e2ed9fdb81ddc69ea07100f4a
  languageName: node
  linkType: hard

"supports-color@npm:^8.1.1":
  version: 8.1.1
  resolution: "supports-color@npm:8.1.1"
  dependencies:
    has-flag: ^4.0.0
  checksum: c052193a7e43c6cdc741eb7f378df605636e01ad434badf7324f17fb60c69a880d8d8fcdcb562cf94c2350e57b937d7425ab5b8326c67c2adc48f7c87c1db406
  languageName: node
  linkType: hard

"synckit@npm:0.8.5":
  version: 0.8.5
  resolution: "synckit@npm:0.8.5"
  dependencies:
    "@pkgr/utils": ^2.3.1
    tslib: ^2.5.0
  checksum: 8a9560e5d8f3d94dc3cf5f7b9c83490ffa30d320093560a37b88f59483040771fd1750e76b9939abfbb1b5a23fd6dfbae77f6b338abffe7cae7329cd9b9bb86b
  languageName: node
  linkType: hard

"titleize@npm:^3.0.0":
  version: 3.0.0
  resolution: "titleize@npm:3.0.0"
  checksum: 71fbbeabbfb36ccd840559f67f21e356e1d03da2915b32d2ae1a60ddcc13a124be2739f696d2feb884983441d159a18649e8d956648d591bdad35c430a6b6d28
  languageName: node
  linkType: hard

"to-regex-range@npm:^5.0.1":
  version: 5.0.1
  resolution: "to-regex-range@npm:5.0.1"
  dependencies:
    is-number: ^7.0.0
  checksum: f76fa01b3d5be85db6a2a143e24df9f60dd047d151062d0ba3df62953f2f697b16fe5dad9b0ac6191c7efc7b1d9dcaa4b768174b7b29da89d4428e64bc0a20ed
  languageName: node
  linkType: hard

"tree-kill@npm:^1.2.2":
  version: 1.2.2
  resolution: "tree-kill@npm:1.2.2"
  bin:
    tree-kill: cli.js
  checksum: 49117f5f410d19c84b0464d29afb9642c863bc5ba40fcb9a245d474c6d5cc64d1b177a6e6713129eb346b40aebb9d4631d967517f9fbe8251c35b21b13cd96c7
  languageName: node
  linkType: hard

"tslib@npm:^2.1.0, tslib@npm:^2.5.0, tslib@npm:^2.6.0":
  version: 2.6.0
  resolution: "tslib@npm:2.6.0"
  checksum: c01066038f950016a18106ddeca4649b4d76caa76ec5a31e2a26e10586a59fceb4ee45e96719bf6c715648e7c14085a81fee5c62f7e9ebee68e77a5396e5538f
  languageName: node
  linkType: hard

"typescript@npm:5.1.6":
  version: 5.1.6
  resolution: "typescript@npm:5.1.6"
  bin:
    tsc: bin/tsc
    tsserver: bin/tsserver
  checksum: b2f2c35096035fe1f5facd1e38922ccb8558996331405eb00a5111cc948b2e733163cc22fab5db46992aba7dd520fff637f2c1df4996ff0e134e77d3249a7350
  languageName: node
  linkType: hard

"typescript@patch:typescript@5.1.6#~builtin<compat/typescript>":
  version: 5.1.6
  resolution: "typescript@patch:typescript@npm%3A5.1.6#~builtin<compat/typescript>::version=5.1.6&hash=5da071"
  bin:
    tsc: bin/tsc
    tsserver: bin/tsserver
  checksum: f53bfe97f7c8b2b6d23cf572750d4e7d1e0c5fff1c36d859d0ec84556a827b8785077bc27676bf7e71fae538e517c3ecc0f37e7f593be913d884805d931bc8be
  languageName: node
  linkType: hard

"untildify@npm:^4.0.0":
  version: 4.0.0
  resolution: "untildify@npm:4.0.0"
  checksum: 39ced9c418a74f73f0a56e1ba4634b4d959422dff61f4c72a8e39f60b99380c1b45ed776fbaa0a4101b157e4310d873ad7d114e8534ca02609b4916bb4187fb9
  languageName: node
  linkType: hard

"which@npm:^2.0.1":
  version: 2.0.2
  resolution: "which@npm:2.0.2"
  dependencies:
    isexe: ^2.0.0
  bin:
    node-which: ./bin/node-which
  checksum: 1a5c563d3c1b52d5f893c8b61afe11abc3bab4afac492e8da5bde69d550de701cf9806235f20a47b5c8fa8a1d6a9135841de2596535e998027a54589000e66d1
  languageName: node
  linkType: hard

"wrap-ansi@npm:^7.0.0":
  version: 7.0.0
  resolution: "wrap-ansi@npm:7.0.0"
  dependencies:
    ansi-styles: ^4.0.0
    string-width: ^4.1.0
    strip-ansi: ^6.0.0
  checksum: a790b846fd4505de962ba728a21aaeda189b8ee1c7568ca5e817d85930e06ef8d1689d49dbf0e881e8ef84436af3a88bc49115c2e2788d841ff1b8b5b51a608b
  languageName: node
  linkType: hard

"y18n@npm:^5.0.5":
  version: 5.0.8
  resolution: "y18n@npm:5.0.8"
  checksum: 54f0fb95621ee60898a38c572c515659e51cc9d9f787fb109cef6fde4befbe1c4602dc999d30110feee37456ad0f1660fa2edcfde6a9a740f86a290999550d30
  languageName: node
  linkType: hard

"yargs-parser@npm:^21.1.1":
  version: 21.1.1
  resolution: "yargs-parser@npm:21.1.1"
  checksum: ed2d96a616a9e3e1cc7d204c62ecc61f7aaab633dcbfab2c6df50f7f87b393993fe6640d017759fe112d0cb1e0119f2b4150a87305cc873fd90831c6a58ccf1c
  languageName: node
  linkType: hard

"yargs@npm:^17.7.2":
  version: 17.7.2
  resolution: "yargs@npm:17.7.2"
  dependencies:
    cliui: ^8.0.1
    escalade: ^3.1.1
    get-caller-file: ^2.0.5
    require-directory: ^2.1.1
    string-width: ^4.2.3
    y18n: ^5.0.5
    yargs-parser: ^21.1.1
  checksum: 73b572e863aa4a8cbef323dd911d79d193b772defd5a51aab0aca2d446655216f5002c42c5306033968193bdbf892a7a4c110b0d77954a7fdf563e653967b56a
  languageName: node
  linkType: hard
