# This file is generated by running "yarn install" inside your project.
# Manual changes might be lost - proceed with caution!

__metadata:
  version: 8
  cacheKey: 10c0

"root-workspace-0b6124@workspace:.":
  version: 0.0.0-use.local
  resolution: "root-workspace-0b6124@workspace:."
  dependencies:
    simple-git-hooks: "npm:2.9.0"
    typescript: "npm:5.3.3"
  languageName: unknown
  linkType: soft

"simple-git-hooks@npm:2.9.0":
  version: 2.9.0
  resolution: "simple-git-hooks@npm:2.9.0"
  bin:
    simple-git-hooks: cli.js
  checksum: 4ccc501810b5102b4d7fdb2a2707e0ea9241c708152cf36c30c816ba04a1a06bf3e94efd6f1699f5fba6c191bdd6d65ff026836d12f4c292130cfda5b60a5ba0
  languageName: node
  linkType: hard

"typescript@npm:5.3.3":
  version: 5.3.3
  resolution: "typescript@npm:5.3.3"
  bin:
    tsc: bin/tsc
    tsserver: bin/tsserver
  checksum: e33cef99d82573624fc0f854a2980322714986bc35b9cb4d1ce736ed182aeab78e2cb32b385efa493b2a976ef52c53e20d6c6918312353a91850e2b76f1ea44f
  languageName: node
  linkType: hard

"typescript@patch:typescript@npm%3A5.3.3#optional!builtin<compat/typescript>":
  version: 5.3.3
  resolution: "typescript@patch:typescript@npm%3A5.3.3#optional!builtin<compat/typescript>::version=5.3.3&hash=e012d7"
  bin:
    tsc: bin/tsc
    tsserver: bin/tsserver
  checksum: 1d0a5f4ce496c42caa9a30e659c467c5686eae15d54b027ee7866744952547f1be1262f2d40de911618c242b510029d51d43ff605dba8fb740ec85ca2d3f9500
  languageName: node
  linkType: hard
